// !$*UTF8*$!
{
	archiveVersion = 1;
	classes = {
	};
	objectVersion = 46;
	objects = {

/* Begin PBXBuildFile section */
		4738C2D51EAF0EE100D820B9 /* cover.png in Resources */ = {isa = PBXBuildFile; fileRef = 4738C2D41EAF0EE100D820B9 /* cover.png */; };
		47735E4F1E481ADA0004B32A /* AppDelegate.swift in Sources */ = {isa = PBXBuildFile; fileRef = 47735E4E1E481ADA0004B32A /* AppDelegate.swift */; };
		47735E511E481ADA0004B32A /* ViewController.swift in Sources */ = {isa = PBXBuildFile; fileRef = 47735E501E481ADA0004B32A /* ViewController.swift */; };
		47735E541E481ADA0004B32A /* Main.storyboard in Resources */ = {isa = PBXBuildFile; fileRef = 47735E521E481ADA0004B32A /* Main.storyboard */; };
		47735E561E481ADA0004B32A /* Assets.xcassets in Resources */ = {isa = PBXBuildFile; fileRef = 47735E551E481ADA0004B32A /* Assets.xcassets */; };
		47735E591E481ADA0004B32A /* LaunchScreen.storyboard in Resources */ = {isa = PBXBuildFile; fileRef = 47735E571E481ADA0004B32A /* LaunchScreen.storyboard */; };
		47735E631E481B290004B32A /* CodingForP_extensions.swift in Sources */ = {isa = PBXBuildFile; fileRef = 47735E611E481B290004B32A /* CodingForP_extensions.swift */; };
		47735E641E481B290004B32A /* CodingForP_tools.swift in Sources */ = {isa = PBXBuildFile; fileRef = 47735E621E481B290004B32A /* CodingForP_tools.swift */; };
		47735E661E4826E10004B32A /* sampleCodingP.plist in Resources */ = {isa = PBXBuildFile; fileRef = 47735E651E4826E10004B32A /* sampleCodingP.plist */; };
		47735E691E4841590004B32A /* SampleViewModel.swift in Sources */ = {isa = PBXBuildFile; fileRef = 47735E681E4841590004B32A /* SampleViewModel.swift */; };
/* End PBXBuildFile section */

/* Begin PBXFileReference section */
		4738C2D41EAF0EE100D820B9 /* cover.png */ = {isa = PBXFileReference; lastKnownFileType = image.png; name = cover.png; path = GitSource/cover.png; sourceTree = "<group>"; };
		47735E4B1E481ADA0004B32A /* CodingForP_Sample.app */ = {isa = PBXFileReference; explicitFileType = wrapper.application; includeInIndex = 0; path = CodingForP_Sample.app; sourceTree = BUILT_PRODUCTS_DIR; };
		47735E4E1E481ADA0004B32A /* AppDelegate.swift */ = {isa = PBXFileReference; lastKnownFileType = sourcecode.swift; path = AppDelegate.swift; sourceTree = "<group>"; };
		47735E501E481ADA0004B32A /* ViewController.swift */ = {isa = PBXFileReference; lastKnownFileType = sourcecode.swift; path = ViewController.swift; sourceTree = "<group>"; };
		47735E531E481ADA0004B32A /* Base */ = {isa = PBXFileReference; lastKnownFileType = file.storyboard; name = Base; path = Base.lproj/Main.storyboard; sourceTree = "<group>"; };
		47735E551E481ADA0004B32A /* Assets.xcassets */ = {isa = PBXFileReference; lastKnownFileType = folder.assetcatalog; path = Assets.xcassets; sourceTree = "<group>"; };
		47735E581E481ADA0004B32A /* Base */ = {isa = PBXFileReference; lastKnownFileType = file.storyboard; name = Base; path = Base.lproj/LaunchScreen.storyboard; sourceTree = "<group>"; };
		47735E5A1E481ADA0004B32A /* Info.plist */ = {isa = PBXFileReference; lastKnownFileType = text.plist.xml; path = Info.plist; sourceTree = "<group>"; };
		47735E611E481B290004B32A /* CodingForP_extensions.swift */ = {isa = PBXFileReference; fileEncoding = 4; lastKnownFileType = sourcecode.swift; path = CodingForP_extensions.swift; sourceTree = "<group>"; };
		47735E621E481B290004B32A /* CodingForP_tools.swift */ = {isa = PBXFileReference; fileEncoding = 4; lastKnownFileType = sourcecode.swift; path = CodingForP_tools.swift; sourceTree = "<group>"; };
		47735E651E4826E10004B32A /* sampleCodingP.plist */ = {isa = PBXFileReference; fileEncoding = 4; lastKnownFileType = text.plist.xml; path = sampleCodingP.plist; sourceTree = "<group>"; };
		47735E681E4841590004B32A /* SampleViewModel.swift */ = {isa = PBXFileReference; fileEncoding = 4; lastKnownFileType = sourcecode.swift; path = SampleViewModel.swift; sourceTree = "<group>"; };
/* End PBXFileReference section */

/* Begin PBXFrameworksBuildPhase section */
		47735E481E481ADA0004B32A /* Frameworks */ = {
			isa = PBXFrameworksBuildPhase;
			buildActionMask = 2147483647;
			files = (
			);
			runOnlyForDeploymentPostprocessing = 0;
		};
/* End PBXFrameworksBuildPhase section */

/* Begin PBXGroup section */
		4738C2D31EAF0EB900D820B9 /* GitSource */ = {
			isa = PBXGroup;
			children = (
				4738C2D41EAF0EE100D820B9 /* cover.png */,
			);
			name = GitSource;
			sourceTree = "<group>";
		};
		47735E421E481ADA0004B32A = {
			isa = PBXGroup;
			children = (
				47735E4D1E481ADA0004B32A /* CodingForP_Sample */,
				47735E4C1E481ADA0004B32A /* Products */,
			);
			sourceTree = "<group>";
		};
		47735E4C1E481ADA0004B32A /* Products */ = {
			isa = PBXGroup;
			children = (
				47735E4B1E481ADA0004B32A /* CodingForP_Sample.app */,
			);
			name = Products;
			sourceTree = "<group>";
		};
		47735E4D1E481ADA0004B32A /* CodingForP_Sample */ = {
			isa = PBXGroup;
			children = (
				4738C2D31EAF0EB900D820B9 /* GitSource */,
				47735E671E4841380004B32A /* SampleVM */,
				47735E601E481B290004B32A /* CodingForP */,
				47735E4E1E481ADA0004B32A /* AppDelegate.swift */,
				47735E501E481ADA0004B32A /* ViewController.swift */,
				47735E521E481ADA0004B32A /* Main.storyboard */,
				47735E551E481ADA0004B32A /* Assets.xcassets */,
				47735E571E481ADA0004B32A /* LaunchScreen.storyboard */,
				47735E5A1E481ADA0004B32A /* Info.plist */,
				47735E651E4826E10004B32A /* sampleCodingP.plist */,
			);
			path = CodingForP_Sample;
			sourceTree = "<group>";
		};
		47735E601E481B290004B32A /* CodingForP */ = {
			isa = PBXGroup;
			children = (
				47735E611E481B290004B32A /* CodingForP_extensions.swift */,
				47735E621E481B290004B32A /* CodingForP_tools.swift */,
			);
			path = CodingForP;
			sourceTree = "<group>";
		};
		47735E671E4841380004B32A /* SampleVM */ = {
			isa = PBXGroup;
			children = (
				47735E681E4841590004B32A /* SampleViewModel.swift */,
			);
			name = SampleVM;
			sourceTree = "<group>";
		};
/* End PBXGroup section */

/* Begin PBXNativeTarget section */
		47735E4A1E481ADA0004B32A /* CodingForP_Sample */ = {
			isa = PBXNativeTarget;
			buildConfigurationList = 47735E5D1E481ADA0004B32A /* Build configuration list for PBXNativeTarget "CodingForP_Sample" */;
			buildPhases = (
				47735E471E481ADA0004B32A /* Sources */,
				47735E481E481ADA0004B32A /* Frameworks */,
				47735E491E481ADA0004B32A /* Resources */,
			);
			buildRules = (
			);
			dependencies = (
			);
			name = CodingForP_Sample;
			productName = CodingForP_Sample;
			productReference = 47735E4B1E481ADA0004B32A /* CodingForP_Sample.app */;
			productType = "com.apple.product-type.application";
		};
/* End PBXNativeTarget section */

/* Begin PBXProject section */
		47735E431E481ADA0004B32A /* Project object */ = {
			isa = PBXProject;
			attributes = {
				LastSwiftUpdateCheck = 0820;
				LastUpgradeCheck = 0820;
				ORGANIZATIONNAME = MogoOrg;
				TargetAttributes = {
					47735E4A1E481ADA0004B32A = {
						CreatedOnToolsVersion = 8.2.1;
						DevelopmentTeam = 966SKDK4CF;
						LastSwiftMigration = 0820;
						ProvisioningStyle = Automatic;
					};
				};
			};
			buildConfigurationList = 47735E461E481ADA0004B32A /* Build configuration list for PBXProject "CodingForP_Sample" */;
			compatibilityVersion = "Xcode 3.2";
			developmentRegion = English;
			hasScannedForEncodings = 0;
			knownRegions = (
				en,
				Base,
			);
			mainGroup = 47735E421E481ADA0004B32A;
			productRefGroup = 47735E4C1E481ADA0004B32A /* Products */;
			projectDirPath = "";
			projectRoot = "";
			targets = (
				47735E4A1E481ADA0004B32A /* CodingForP_Sample */,
			);
		};
/* End PBXProject section */

/* Begin PBXResourcesBuildPhase section */
		47735E491E481ADA0004B32A /* Resources */ = {
			isa = PBXResourcesBuildPhase;
			buildActionMask = 2147483647;
			files = (
				47735E591E481ADA0004B32A /* LaunchScreen.storyboard in Resources */,
				47735E561E481ADA0004B32A /* Assets.xcassets in Resources */,
				4738C2D51EAF0EE100D820B9 /* cover.png in Resources */,
				47735E541E481ADA0004B32A /* Main.storyboard in Resources */,
				47735E661E4826E10004B32A /* sampleCodingP.plist in Resources */,
			);
			runOnlyForDeploymentPostprocessing = 0;
		};
/* End PBXResourcesBuildPhase section */

/* Begin PBXSourcesBuildPhase section */
		47735E471E481ADA0004B32A /* Sources */ = {
			isa = PBXSourcesBuildPhase;
			buildActionMask = 2147483647;
			files = (
				47735E641E481B290004B32A /* CodingForP_tools.swift in Sources */,
				47735E631E481B290004B32A /* CodingForP_extensions.swift in Sources */,
				47735E511E481ADA0004B32A /* ViewController.swift in Sources */,
				47735E4F1E481ADA0004B32A /* AppDelegate.swift in Sources */,
				47735E691E4841590004B32A /* SampleViewModel.swift in Sources */,
			);
			runOnlyForDeploymentPostprocessing = 0;
		};
/* End PBXSourcesBuildPhase section */

/* Begin PBXVariantGroup section */
		47735E521E481ADA0004B32A /* Main.storyboard */ = {
			isa = PBXVariantGroup;
			children = (
				47735E531E481ADA0004B32A /* Base */,
			);
			name = Main.storyboard;
			sourceTree = "<group>";
		};
		47735E571E481ADA0004B32A /* LaunchScreen.storyboard */ = {
			isa = PBXVariantGroup;
			children = (
				47735E581E481ADA0004B32A /* Base */,
			);
			name = LaunchScreen.storyboard;
			sourceTree = "<group>";
		};
/* End PBXVariantGroup section */

/* Begin XCBuildConfiguration section */
		47735E5B1E481ADA0004B32A /* Debug */ = {
			isa = XCBuildConfiguration;
			buildSettings = {
				ALWAYS_SEARCH_USER_PATHS = NO;
				CLANG_ANALYZER_NONNULL = YES;
				CLANG_CXX_LANGUAGE_STANDARD = "gnu++0x";
				CLANG_CXX_LIBRARY = "libc++";
				CLANG_ENABLE_MODULES = YES;
				CLANG_ENABLE_OBJC_ARC = YES;
				CLANG_WARN_BOOL_CONVERSION = YES;
				CLANG_WARN_CONSTANT_CONVERSION = YES;
				CLANG_WARN_DIRECT_OBJC_ISA_USAGE = YES_ERROR;
				CLANG_WARN_DOCUMENTATION_COMMENTS = YES;
				CLANG_WARN_EMPTY_BODY = YES;
				CLANG_WARN_ENUM_CONVERSION = YES;
				CLANG_WARN_INFINITE_RECURSION = YES;
				CLANG_WARN_INT_CONVERSION = YES;
				CLANG_WARN_OBJC_ROOT_CLASS = YES_ERROR;
				CLANG_WARN_SUSPICIOUS_MOVE = YES;
				CLANG_WARN_UNREACHABLE_CODE = YES;
				CLANG_WARN__DUPLICATE_METHOD_MATCH = YES;
				"CODE_SIGN_IDENTITY[sdk=iphoneos*]" = "iPhone Developer";
				COPY_PHASE_STRIP = NO;
				DEBUG_INFORMATION_FORMAT = dwarf;
				ENABLE_STRICT_OBJC_MSGSEND = YES;
				ENABLE_TESTABILITY = YES;
				GCC_C_LANGUAGE_STANDARD = gnu99;
				GCC_DYNAMIC_NO_PIC = NO;
				GCC_NO_COMMON_BLOCKS = YES;
				GCC_OPTIMIZATION_LEVEL = 0;
				GCC_PREPROCESSOR_DEFINITIONS = (
					"DEBUG=1",
					"$(inherited)",
				);
				GCC_WARN_64_TO_32_BIT_CONVERSION = YES;
				GCC_WARN_ABOUT_RETURN_TYPE = YES_ERROR;
				GCC_WARN_UNDECLARED_SELECTOR = YES;
				GCC_WARN_UNINITIALIZED_AUTOS = YES_AGGRESSIVE;
				GCC_WARN_UNUSED_FUNCTION = YES;
				GCC_WARN_UNUSED_VARIABLE = YES;
				IPHONEOS_DEPLOYMENT_TARGET = 10.2;
				MTL_ENABLE_DEBUG_INFO = YES;
				ONLY_ACTIVE_ARCH = YES;
				SDKROOT = iphoneos;
				SWIFT_ACTIVE_COMPILATION_CONDITIONS = DEBUG;
				SWIFT_OPTIMIZATION_LEVEL = "-Onone";
				TARGETED_DEVICE_FAMILY = "1,2";
			};
			name = Debug;
		};
		47735E5C1E481ADA0004B32A /* Release */ = {
			isa = XCBuildConfiguration;
			buildSettings = {
				ALWAYS_SEARCH_USER_PATHS = NO;
				CLANG_ANALYZER_NONNULL = YES;
				CLANG_CXX_LANGUAGE_STANDARD = "gnu++0x";
				CLANG_CXX_LIBRARY = "libc++";
				CLANG_ENABLE_MODULES = YES;
				CLANG_ENABLE_OBJC_ARC = YES;
				CLANG_WARN_BOOL_CONVERSION = YES;
				CLANG_WARN_CONSTANT_CONVERSION = YES;
				CLANG_WARN_DIRECT_OBJC_ISA_USAGE = YES_ERROR;
				CLANG_WARN_DOCUMENTATION_COMMENTS = YES;
				CLANG_WARN_EMPTY_BODY = YES;
				CLANG_WARN_ENUM_CONVERSION = YES;
				CLANG_WARN_INFINITE_RECURSION = YES;
				CLANG_WARN_INT_CONVERSION = YES;
				CLANG_WARN_OBJC_ROOT_CLASS = YES_ERROR;
				CLANG_WARN_SUSPICIOUS_MOVE = YES;
				CLANG_WARN_UNREACHABLE_CODE = YES;
				CLANG_WARN__DUPLICATE_METHOD_MATCH = YES;
				"CODE_SIGN_IDENTITY[sdk=iphoneos*]" = "iPhone Developer";
				COPY_PHASE_STRIP = NO;
				DEBUG_INFORMATION_FORMAT = "dwarf-with-dsym";
				ENABLE_NS_ASSERTIONS = NO;
				ENABLE_STRICT_OBJC_MSGSEND = YES;
				GCC_C_LANGUAGE_STANDARD = gnu99;
				GCC_NO_COMMON_BLOCKS = YES;
				GCC_WARN_64_TO_32_BIT_CONVERSION = YES;
				GCC_WARN_ABOUT_RETURN_TYPE = YES_ERROR;
				GCC_WARN_UNDECLARED_SELECTOR = YES;
				GCC_WARN_UNINITIALIZED_AUTOS = YES_AGGRESSIVE;
				GCC_WARN_UNUSED_FUNCTION = YES;
				GCC_WARN_UNUSED_VARIABLE = YES;
				IPHONEOS_DEPLOYMENT_TARGET = 10.2;
				MTL_ENABLE_DEBUG_INFO = NO;
				SDKROOT = iphoneos;
				SWIFT_OPTIMIZATION_LEVEL = "-Owholemodule";
				TARGETED_DEVICE_FAMILY = "1,2";
				VALIDATE_PRODUCT = YES;
			};
			name = Release;
		};
		47735E5E1E481ADA0004B32A /* Debug */ = {
			isa = XCBuildConfiguration;
			buildSettings = {
				ASSETCATALOG_COMPILER_APPICON_NAME = AppIcon;
				DEVELOPMENT_TEAM = 966SKDK4CF;
				INFOPLIST_FILE = CodingForP_Sample/Info.plist;
				LD_RUNPATH_SEARCH_PATHS = "$(inherited) @executable_path/Frameworks";
				PRODUCT_BUNDLE_IDENTIFIER = "www.mogoroom.CodingForP-Sample";
				PRODUCT_NAME = "$(TARGET_NAME)";
				SWIFT_VERSION = 3.0;
			};
			name = Debug;
		};
		47735E5F1E481ADA0004B32A /* Release */ = {
			isa = XCBuildConfiguration;
			buildSettings = {
				ASSETCATALOG_COMPILER_APPICON_NAME = AppIcon;
				DEVELOPMENT_TEAM = 966SKDK4CF;
				INFOPLIST_FILE = CodingForP_Sample/Info.plist;
				LD_RUNPATH_SEARCH_PATHS = "$(inherited) @executable_path/Frameworks";
				PRODUCT_BUNDLE_IDENTIFIER = "www.mogoroom.CodingForP-Sample";
				PRODUCT_NAME = "$(TARGET_NAME)";
				SWIFT_VERSION = 3.0;
			};
			name = Release;
		};
/* End XCBuildConfiguration section */

/* Begin XCConfigurationList section */
		47735E461E481ADA0004B32A /* Build configuration list for PBXProject "CodingForP_Sample" */ = {
			isa = XCConfigurationList;
			buildConfigurations = (
				47735E5B1E481ADA0004B32A /* Debug */,
				47735E5C1E481ADA0004B32A /* Release */,
			);
			defaultConfigurationIsVisible = 0;
			defaultConfigurationName = Release;
		};
		47735E5D1E481ADA0004B32A /* Build configuration list for PBXNativeTarget "CodingForP_Sample" */ = {
			isa = XCConfigurationList;
			buildConfigurations = (
				47735E5E1E481ADA0004B32A /* Debug */,
				47735E5F1E481ADA0004B32A /* Release */,
			);
			defaultConfigurationIsVisible = 0;
			defaultConfigurationName = Release;
		};
/* End XCConfigurationList section */
	};
	rootObject = 47735E431E481ADA0004B32A /* Project object */;
}
